
Microsoft Visual Studio Solution File, Format Version 12.00
# Visual Studio 14
VisualStudioVersion = 14.0.23107.0
MinimumVisualStudioVersion = 10.0.40219.1
Project("{FAE04EC0-301F-11D3-BF4B-00C04F79EFBC}") = "XB1ControllerBatteryIndicator", "XB1ControllerBatteryIndicator\XB1ControllerBatteryIndicator.csproj", "{40C08381-13DD-4468-91F2-153BE248C2CF}"
EndProject
Global
	GlobalSection(SolutionConfigurationPlatforms) = preSolution
		Debug|Any CPU = Debug|Any CPU
		Release|Any CPU = Release|Any CPU
	EndGlobalSection
	GlobalSection(ProjectConfigurationPlatforms) = postSolution
		{40C08381-13DD-4468-91F2-153BE248C2CF}.Debug|Any CPU.ActiveCfg = Debug|Any CPU
		{40C08381-13DD-4468-91F2-153BE248C2CF}.Debug|Any CPU.Build.0 = Debug|Any CPU
		{40C08381-13DD-4468-91F2-153BE248C2CF}.Release|Any CPU.ActiveCfg = Release|Any CPU
		{40C08381-13DD-4468-91F2-153BE248C2CF}.Release|Any CPU.Build.0 = Release|Any CPU
	EndGlobalSection
	GlobalSection(SolutionProperties) = preSolution
		HideSolutionNode = FALSE
	EndGlobalSection
EndGlobal
